<?xml version="1.0" encoding="utf-8"?>
<Project ToolsVersion="4.0" xmlns="http://schemas.microsoft.com/developer/msbuild/2003">
  <ItemGroup>
    <Filter Include="Source Files">
      <UniqueIdentifier>{4FC737F1-C7A5-4376-A066-2A32D752A2FF}</UniqueIdentifier>
      <Extensions>cpp;c;cc;cxx;def;odl;idl;hpj;bat;asm;asmx</Extensions>
    </Filter>
    <Filter Include="Header Files">
      <UniqueIdentifier>{93995380-89BD-4b04-88EB-625FBE52EBFB}</UniqueIdentifier>
      <Extensions>h;hh;hpp;hxx;hm;inl;inc;xsd</Extensions>
    </Filter>
    <Filter Include="Resource Files">
      <UniqueIdentifier>{D9D6E242-F8AF-46E4-B9FD-80ECBC20BA3E}</UniqueIdentifier>
      <Extensions>qrc;*</Extensions>
      <ParseFiles>false</ParseFiles>
    </Filter>
    <Filter Include="Form Files">
      <UniqueIdentifier>{99349809-55BA-4b9d-BF79-8FDBB0286EB3}</UniqueIdentifier>
      <Extensions>ui</Extensions>
    </Filter>
    <Filter Include="Resource Files">
      <UniqueIdentifier>{D9D6E242-F8AF-46E4-B9FD-80ECBC20BA3E}</UniqueIdentifier>
      <Extensions>qrc;*</Extensions>
      <ParseFiles>false</ParseFiles>
    </Filter>
  </ItemGroup>
  <ItemGroup>
    <ClCompile Include="main.cpp">
      <Filter>Source Files</Filter>
    </ClCompile>
    <ClCompile Include="TestDecorator.cpp">
      <Filter>Source Files</Filter>
    </ClCompile>
    <ClCompile Include="IOProtocol.cpp">
      <Filter>Source Files</Filter>
    </ClCompile>
    <ClCompile Include="IOStd.cpp">
      <Filter>Source Files</Filter>
    </ClCompile>
    <ClCompile Include="IOWidget.cpp">
      <Filter>Source Files</Filter>
    </ClCompile>
    <ClCompile Include="MyCryptoProtocol.cpp">
      <Filter>Source Files</Filter>
    </ClCompile>
    <ClCompile Include="MySimpleCrypto.cpp">
      <Filter>Source Files</Filter>
    </ClCompile>
    <ClCompile Include="IOProtocolDecorator.cpp">
      <Filter>Source Files</Filter>
    </ClCompile>
    <ClCompile Include="IOProtocolDecoratorCrypto.cpp">
      <Filter>Source Files</Filter>
    </ClCompile>
    <ClCompile Include="MyMoveCrypto.cpp">
      <Filter>Source Files</Filter>
    </ClCompile>
    <ClCompile Include="MyMoveLowerCrypto.cpp">
      <Filter>Source Files</Filter>
    </ClCompile>
    <ClCompile Include="MyChangePositionCrypto.cpp">
      <Filter>Source Files</Filter>
    </ClCompile>
    <ClCompile Include="MyMoveTextCrypto.cpp">
      <Filter>Source Files</Filter>
    </ClCompile>
    <ClCompile Include="MyXORCrypto.cpp">
      <Filter>Source Files</Filter>
    </ClCompile>
  </ItemGroup>
  <ItemGroup>
    <QtMoc Include="TestDecorator.h">
      <Filter>Header Files</Filter>
    </QtMoc>
    <QtMoc Include="IOWidget.h">
      <Filter>Header Files</Filter>
    </QtMoc>
  </ItemGroup>
  <ItemGroup>
    <QtUic Include="TestDecorator.ui">
      <Filter>Form Files</Filter>
    </QtUic>
    <QtUic Include="IOWidget.ui">
      <Filter>Form Files</Filter>
    </QtUic>
  </ItemGroup>
  <ItemGroup>
    <QtRcc Include="TestDecorator.qrc">
      <Filter>Resource Files</Filter>
    </QtRcc>
  </ItemGroup>
  <ItemGroup>
    <ClInclude Include="IOProtocol.h">
      <Filter>Header Files</Filter>
    </ClInclude>
    <ClInclude Include="IOStd.h">
      <Filter>Header Files</Filter>
    </ClInclude>
    <ClInclude Include="MySimpleCrypto.h">
      <Filter>Header Files</Filter>
    </ClInclude>
    <ClInclude Include="MyCryptoProtocol.h">
      <Filter>Header Files</Filter>
    </ClInclude>
    <ClInclude Include="IOProtocolDecorator.h">
      <Filter>Header Files</Filter>
    </ClInclude>
    <ClInclude Include="IOProtocolDecoratorCrypto.h">
      <Filter>Header Files</Filter>
    </ClInclude>
    <ClInclude Include="MyMoveCrypto.h">
      <Filter>Header Files</Filter>
    </ClInclude>
    <ClInclude Include="MyMoveLowerCrypto.h">
      <Filter>Header Files</Filter>
    </ClInclude>
    <ClInclude Include="MyChangePositionCrypto.h">
      <Filter>Header Files</Filter>
    </ClInclude>
    <ClInclude Include="MyMoveTextCrypto.h">
      <Filter>Header Files</Filter>
    </ClInclude>
    <ClInclude Include="MyXORCrypto.h">
      <Filter>Header Files</Filter>
    </ClInclude>
  </ItemGroup>
  <ItemGroup>
    <None Include="ClassDiagram.cd" />
  </ItemGroup>
</Project>